
Microsoft Visual Studio Solution File, Format Version 12.00
# Visual Studio Version 17
VisualStudioVersion = 17.6.33723.286
MinimumVisualStudioVersion = 10.0.40219.1
Project("{FAE04EC0-301F-11D3-BF4B-00C04F79EFBC}") = "Assignment2.App", "Assignment2.App\Assignment2.App.csproj", "{B2FAF40C-49B3-44AD-95BE-FF6219683814}"
EndProject
Project("{FAE04EC0-301F-11D3-BF4B-00C04F79EFBC}") = "Assignment2.Tests", "Assignment2.Tests\Assignment2.Tests.csproj", "{55B8776B-EBCF-4093-B2F0-AD80DC66C50B}"
EndProject
Global
	GlobalSection(SolutionConfigurationPlatforms) = preSolution
		Debug|Any CPU = Debug|Any CPU
		Release|Any CPU = Release|Any CPU
	EndGlobalSection
	GlobalSection(ProjectConfigurationPlatforms) = postSolution
		{B2FAF40C-49B3-44AD-95BE-FF6219683814}.Debug|Any CPU.ActiveCfg = Debug|Any CPU
		{B2FAF40C-49B3-44AD-95BE-FF6219683814}.Debug|Any CPU.Build.0 = Debug|Any CPU
		{B2FAF40C-49B3-44AD-95BE-FF6219683814}.Release|Any CPU.ActiveCfg = Release|Any CPU
		{B2FAF40C-49B3-44AD-95BE-FF6219683814}.Release|Any CPU.Build.0 = Release|Any CPU
		{55B8776B-EBCF-4093-B2F0-AD80DC66C50B}.Debug|Any CPU.ActiveCfg = Debug|Any CPU
		{55B8776B-EBCF-4093-B2F0-AD80DC66C50B}.Debug|Any CPU.Build.0 = Debug|Any CPU
		{55B8776B-EBCF-4093-B2F0-AD80DC66C50B}.Release|Any CPU.ActiveCfg = Release|Any CPU
		{55B8776B-EBCF-4093-B2F0-AD80DC66C50B}.Release|Any CPU.Build.0 = Release|Any CPU
	EndGlobalSection
	GlobalSection(SolutionProperties) = preSolution
		HideSolutionNode = FALSE
	EndGlobalSection
	GlobalSection(ExtensibilityGlobals) = postSolution
		SolutionGuid = {16EE784A-E34B-472F-A221-293BA51A3B97}
	EndGlobalSection
EndGlobal
